
Microsoft Visual Studio Solution File, Format Version 12.00
# Visual Studio Version 17
VisualStudioVersion = 17.1.32328.378
MinimumVisualStudioVersion = 10.0.40219.1
Project("{FAE04EC0-301F-11D3-BF4B-00C04F79EFBC}") = "ActS", "ActS\ActS.csproj", "{A2B53E22-D749-4E3F-BBE7-DA4A42DEC802}"
EndProject
Global
	GlobalSection(SolutionConfigurationPlatforms) = preSolution
		Debug|Any CPU = Debug|Any CPU
		Release|Any CPU = Release|Any CPU
	EndGlobalSection
	GlobalSection(ProjectConfigurationPlatforms) = postSolution
		{A2B53E22-D749-4E3F-BBE7-DA4A42DEC802}.Debug|Any CPU.ActiveCfg = Debug|Any CPU
		{A2B53E22-D749-4E3F-BBE7-DA4A42DEC802}.Debug|Any CPU.Build.0 = Debug|Any CPU
		{A2B53E22-D749-4E3F-BBE7-DA4A42DEC802}.Release|Any CPU.ActiveCfg = Release|Any CPU
		{A2B53E22-D749-4E3F-BBE7-DA4A42DEC802}.Release|Any CPU.Build.0 = Release|Any CPU
	EndGlobalSection
	GlobalSection(SolutionProperties) = preSolution
		HideSolutionNode = FALSE
	EndGlobalSection
	GlobalSection(ExtensibilityGlobals) = postSolution
		SolutionGuid = {6BCCBC2F-DF47-45CF-B841-702FB5FFA2F3}
	EndGlobalSection
EndGlobal
